// !$*UTF8*$!
{
	archiveVersion = 1;
	classes = {
	};
	objectVersion = 55;
	objects = {

/* Begin PBXBuildFile section */
		A0FDF24D278F9F87008B7090 /* Image_ClassifierApp.swift in Sources */ = {isa = PBXBuildFile; fileRef = A0FDF24C278F9F87008B7090 /* Image_ClassifierApp.swift */; };
		A0FDF24F278F9F87008B7090 /* ContentView.swift in Sources */ = {isa = PBXBuildFile; fileRef = A0FDF24E278F9F87008B7090 /* ContentView.swift */; };
		A0FDF251278F9F8E008B7090 /* Assets.xcassets in Resources */ = {isa = PBXBuildFile; fileRef = A0FDF250278F9F8E008B7090 /* Assets.xcassets */; };
		A0FDF254278F9F8E008B7090 /* Preview Assets.xcassets in Resources */ = {isa = PBXBuildFile; fileRef = A0FDF253278F9F8E008B7090 /* Preview Assets.xcassets */; };
		A0FDF25F278F9F8E008B7090 /* Image_ClassifierTests.swift in Sources */ = {isa = PBXBuildFile; fileRef = A0FDF25E278F9F8E008B7090 /* Image_ClassifierTests.swift */; };
		A0FDF269278F9F8E008B7090 /* Image_ClassifierUITests.swift in Sources */ = {isa = PBXBuildFile; fileRef = A0FDF268278F9F8E008B7090 /* Image_ClassifierUITests.swift */; };
		A0FDF26B278F9F8E008B7090 /* Image_ClassifierUITestsLaunchTests.swift in Sources */ = {isa = PBXBuildFile; fileRef = A0FDF26A278F9F8E008B7090 /* Image_ClassifierUITestsLaunchTests.swift */; };
/* End PBXBuildFile section */

/* Begin PBXContainerItemProxy section */
		A0FDF25B278F9F8E008B7090 /* PBXContainerItemProxy */ = {
			isa = PBXContainerItemProxy;
			containerPortal = A0FDF241278F9F87008B7090 /* Project object */;
			proxyType = 1;
			remoteGlobalIDString = A0FDF248278F9F87008B7090;
			remoteInfo = "Image Classifier";
		};
		A0FDF265278F9F8E008B7090 /* PBXContainerItemProxy */ = {
			isa = PBXContainerItemProxy;
			containerPortal = A0FDF241278F9F87008B7090 /* Project object */;
			proxyType = 1;
			remoteGlobalIDString = A0FDF248278F9F87008B7090;
			remoteInfo = "Image Classifier";
		};
/* End PBXContainerItemProxy section */

/* Begin PBXFileReference section */
		A0FDF249278F9F87008B7090 /* Image Classifier.app */ = {isa = PBXFileReference; explicitFileType = wrapper.application; includeInIndex = 0; path = "Image Classifier.app"; sourceTree = BUILT_PRODUCTS_DIR; };
		A0FDF24C278F9F87008B7090 /* Image_ClassifierApp.swift */ = {isa = PBXFileReference; lastKnownFileType = sourcecode.swift; path = Image_ClassifierApp.swift; sourceTree = "<group>"; };
		A0FDF24E278F9F87008B7090 /* ContentView.swift */ = {isa = PBXFileReference; lastKnownFileType = sourcecode.swift; path = ContentView.swift; sourceTree = "<group>"; };
		A0FDF250278F9F8E008B7090 /* Assets.xcassets */ = {isa = PBXFileReference; lastKnownFileType = folder.assetcatalog; path = Assets.xcassets; sourceTree = "<group>"; };
		A0FDF253278F9F8E008B7090 /* Preview Assets.xcassets */ = {isa = PBXFileReference; lastKnownFileType = folder.assetcatalog; path = "Preview Assets.xcassets"; sourceTree = "<group>"; };
		A0FDF255278F9F8E008B7090 /* Image_Classifier.entitlements */ = {isa = PBXFileReference; lastKnownFileType = text.plist.entitlements; path = Image_Classifier.entitlements; sourceTree = "<group>"; };
		A0FDF25A278F9F8E008B7090 /* Image ClassifierTests.xctest */ = {isa = PBXFileReference; explicitFileType = wrapper.cfbundle; includeInIndex = 0; path = "Image ClassifierTests.xctest"; sourceTree = BUILT_PRODUCTS_DIR; };
		A0FDF25E278F9F8E008B7090 /* Image_ClassifierTests.swift */ = {isa = PBXFileReference; lastKnownFileType = sourcecode.swift; path = Image_ClassifierTests.swift; sourceTree = "<group>"; };
		A0FDF264278F9F8E008B7090 /* Image ClassifierUITests.xctest */ = {isa = PBXFileReference; explicitFileType = wrapper.cfbundle; includeInIndex = 0; path = "Image ClassifierUITests.xctest"; sourceTree = BUILT_PRODUCTS_DIR; };
		A0FDF268278F9F8E008B7090 /* Image_ClassifierUITests.swift */ = {isa = PBXFileReference; lastKnownFileType = sourcecode.swift; path = Image_ClassifierUITests.swift; sourceTree = "<group>"; };
		A0FDF26A278F9F8E008B7090 /* Image_ClassifierUITestsLaunchTests.swift */ = {isa = PBXFileReference; lastKnownFileType = sourcecode.swift; path = Image_ClassifierUITestsLaunchTests.swift; sourceTree = "<group>"; };
/* End PBXFileReference section */

/* Begin PBXFrameworksBuildPhase section */
		A0FDF246278F9F87008B7090 /* Frameworks */ = {
			isa = PBXFrameworksBuildPhase;
			buildActionMask = 2147483647;
			files = (
			);
			runOnlyForDeploymentPostprocessing = 0;
		};
		A0FDF257278F9F8E008B7090 /* Frameworks */ = {
			isa = PBXFrameworksBuildPhase;
			buildActionMask = 2147483647;
			files = (
			);
			runOnlyForDeploymentPostprocessing = 0;
		};
		A0FDF261278F9F8E008B7090 /* Frameworks */ = {
			isa = PBXFrameworksBuildPhase;
			buildActionMask = 2147483647;
			files = (
			);
			runOnlyForDeploymentPostprocessing = 0;
		};
/* End PBXFrameworksBuildPhase section */

/* Begin PBXGroup section */
		A0FDF240278F9F87008B7090 = {
			isa = PBXGroup;
			children = (
				A0FDF24B278F9F87008B7090 /* Image Classifier */,
				A0FDF25D278F9F8E008B7090 /* Image ClassifierTests */,
				A0FDF267278F9F8E008B7090 /* Image ClassifierUITests */,
				A0FDF24A278F9F87008B7090 /* Products */,
			);
			sourceTree = "<group>";
		};
		A0FDF24A278F9F87008B7090 /* Products */ = {
			isa = PBXGroup;
			children = (
				A0FDF249278F9F87008B7090 /* Image Classifier.app */,
				A0FDF25A278F9F8E008B7090 /* Image ClassifierTests.xctest */,
				A0FDF264278F9F8E008B7090 /* Image ClassifierUITests.xctest */,
			);
			name = Products;
			sourceTree = "<group>";
		};
		A0FDF24B278F9F87008B7090 /* Image Classifier */ = {
			isa = PBXGroup;
			children = (
				A0FDF24C278F9F87008B7090 /* Image_ClassifierApp.swift */,
				A0FDF24E278F9F87008B7090 /* ContentView.swift */,
				A0FDF250278F9F8E008B7090 /* Assets.xcassets */,
				A0FDF255278F9F8E008B7090 /* Image_Classifier.entitlements */,
				A0FDF252278F9F8E008B7090 /* Preview Content */,
			);
			path = "Image Classifier";
			sourceTree = "<group>";
		};
		A0FDF252278F9F8E008B7090 /* Preview Content */ = {
			isa = PBXGroup;
			children = (
				A0FDF253278F9F8E008B7090 /* Preview Assets.xcassets */,
			);
			path = "Preview Content";
			sourceTree = "<group>";
		};
		A0FDF25D278F9F8E008B7090 /* Image ClassifierTests */ = {
			isa = PBXGroup;
			children = (
				A0FDF25E278F9F8E008B7090 /* Image_ClassifierTests.swift */,
			);
			path = "Image ClassifierTests";
			sourceTree = "<group>";
		};
		A0FDF267278F9F8E008B7090 /* Image ClassifierUITests */ = {
			isa = PBXGroup;
			children = (
				A0FDF268278F9F8E008B7090 /* Image_ClassifierUITests.swift */,
				A0FDF26A278F9F8E008B7090 /* Image_ClassifierUITestsLaunchTests.swift */,
			);
			path = "Image ClassifierUITests";
			sourceTree = "<group>";
		};
/* End PBXGroup section */

/* Begin PBXNativeTarget section */
		A0FDF248278F9F87008B7090 /* Image Classifier */ = {
			isa = PBXNativeTarget;
			buildConfigurationList = A0FDF26E278F9F8E008B7090 /* Build configuration list for PBXNativeTarget "Image Classifier" */;
			buildPhases = (
				A0FDF245278F9F87008B7090 /* Sources */,
				A0FDF246278F9F87008B7090 /* Frameworks */,
				A0FDF247278F9F87008B7090 /* Resources */,
			);
			buildRules = (
			);
			dependencies = (
			);
			name = "Image Classifier";
			productName = "Image Classifier";
			productReference = A0FDF249278F9F87008B7090 /* Image Classifier.app */;
			productType = "com.apple.product-type.application";
		};
		A0FDF259278F9F8E008B7090 /* Image ClassifierTests */ = {
			isa = PBXNativeTarget;
			buildConfigurationList = A0FDF271278F9F8E008B7090 /* Build configuration list for PBXNativeTarget "Image ClassifierTests" */;
			buildPhases = (
				A0FDF256278F9F8E008B7090 /* Sources */,
				A0FDF257278F9F8E008B7090 /* Frameworks */,
				A0FDF258278F9F8E008B7090 /* Resources */,
			);
			buildRules = (
			);
			dependencies = (
				A0FDF25C278F9F8E008B7090 /* PBXTargetDependency */,
			);
			name = "Image ClassifierTests";
			productName = "Image ClassifierTests";
			productReference = A0FDF25A278F9F8E008B7090 /* Image ClassifierTests.xctest */;
			productType = "com.apple.product-type.bundle.unit-test";
		};
		A0FDF263278F9F8E008B7090 /* Image ClassifierUITests */ = {
			isa = PBXNativeTarget;
			buildConfigurationList = A0FDF274278F9F8E008B7090 /* Build configuration list for PBXNativeTarget "Image ClassifierUITests" */;
			buildPhases = (
				A0FDF260278F9F8E008B7090 /* Sources */,
				A0FDF261278F9F8E008B7090 /* Frameworks */,
				A0FDF262278F9F8E008B7090 /* Resources */,
			);
			buildRules = (
			);
			dependencies = (
				A0FDF266278F9F8E008B7090 /* PBXTargetDependency */,
			);
			name = "Image ClassifierUITests";
			productName = "Image ClassifierUITests";
			productReference = A0FDF264278F9F8E008B7090 /* Image ClassifierUITests.xctest */;
			productType = "com.apple.product-type.bundle.ui-testing";
		};
/* End PBXNativeTarget section */

/* Begin PBXProject section */
		A0FDF241278F9F87008B7090 /* Project object */ = {
			isa = PBXProject;
			attributes = {
				BuildIndependentTargetsInParallel = 1;
				LastSwiftUpdateCheck = 1320;
				LastUpgradeCheck = 1320;
				TargetAttributes = {
					A0FDF248278F9F87008B7090 = {
						CreatedOnToolsVersion = 13.2.1;
					};
					A0FDF259278F9F8E008B7090 = {
						CreatedOnToolsVersion = 13.2.1;
						TestTargetID = A0FDF248278F9F87008B7090;
					};
					A0FDF263278F9F8E008B7090 = {
						CreatedOnToolsVersion = 13.2.1;
						TestTargetID = A0FDF248278F9F87008B7090;
					};
				};
			};
			buildConfigurationList = A0FDF244278F9F87008B7090 /* Build configuration list for PBXProject "Image Classifier" */;
			compatibilityVersion = "Xcode 13.0";
			developmentRegion = en;
			hasScannedForEncodings = 0;
			knownRegions = (
				en,
				Base,
			);
			mainGroup = A0FDF240278F9F87008B7090;
			productRefGroup = A0FDF24A278F9F87008B7090 /* Products */;
			projectDirPath = "";
			projectRoot = "";
			targets = (
				A0FDF248278F9F87008B7090 /* Image Classifier */,
				A0FDF259278F9F8E008B7090 /* Image ClassifierTests */,
				A0FDF263278F9F8E008B7090 /* Image ClassifierUITests */,
			);
		};
/* End PBXProject section */

/* Begin PBXResourcesBuildPhase section */
		A0FDF247278F9F87008B7090 /* Resources */ = {
			isa = PBXResourcesBuildPhase;
			buildActionMask = 2147483647;
			files = (
				A0FDF254278F9F8E008B7090 /* Preview Assets.xcassets in Resources */,
				A0FDF251278F9F8E008B7090 /* Assets.xcassets in Resources */,
			);
			runOnlyForDeploymentPostprocessing = 0;
		};
		A0FDF258278F9F8E008B7090 /* Resources */ = {
			isa = PBXResourcesBuildPhase;
			buildActionMask = 2147483647;
			files = (
			);
			runOnlyForDeploymentPostprocessing = 0;
		};
		A0FDF262278F9F8E008B7090 /* Resources */ = {
			isa = PBXResourcesBuildPhase;
			buildActionMask = 2147483647;
			files = (
			);
			runOnlyForDeploymentPostprocessing = 0;
		};
/* End PBXResourcesBuildPhase section */

/* Begin PBXSourcesBuildPhase section */
		A0FDF245278F9F87008B7090 /* Sources */ = {
			isa = PBXSourcesBuildPhase;
			buildActionMask = 2147483647;
			files = (
				A0FDF24F278F9F87008B7090 /* ContentView.swift in Sources */,
				A0FDF24D278F9F87008B7090 /* Image_ClassifierApp.swift in Sources */,
			);
			runOnlyForDeploymentPostprocessing = 0;
		};
		A0FDF256278F9F8E008B7090 /* Sources */ = {
			isa = PBXSourcesBuildPhase;
			buildActionMask = 2147483647;
			files = (
				A0FDF25F278F9F8E008B7090 /* Image_ClassifierTests.swift in Sources */,
			);
			runOnlyForDeploymentPostprocessing = 0;
		};
		A0FDF260278F9F8E008B7090 /* Sources */ = {
			isa = PBXSourcesBuildPhase;
			buildActionMask = 2147483647;
			files = (
				A0FDF269278F9F8E008B7090 /* Image_ClassifierUITests.swift in Sources */,
				A0FDF26B278F9F8E008B7090 /* Image_ClassifierUITestsLaunchTests.swift in Sources */,
			);
			runOnlyForDeploymentPostprocessing = 0;
		};
/* End PBXSourcesBuildPhase section */

/* Begin PBXTargetDependency section */
		A0FDF25C278F9F8E008B7090 /* PBXTargetDependency */ = {
			isa = PBXTargetDependency;
			target = A0FDF248278F9F87008B7090 /* Image Classifier */;
			targetProxy = A0FDF25B278F9F8E008B7090 /* PBXContainerItemProxy */;
		};
		A0FDF266278F9F8E008B7090 /* PBXTargetDependency */ = {
			isa = PBXTargetDependency;
			target = A0FDF248278F9F87008B7090 /* Image Classifier */;
			targetProxy = A0FDF265278F9F8E008B7090 /* PBXContainerItemProxy */;
		};
/* End PBXTargetDependency section */

/* Begin XCBuildConfiguration section */
		A0FDF26C278F9F8E008B7090 /* Debug */ = {
			isa = XCBuildConfiguration;
			buildSettings = {
				ALWAYS_SEARCH_USER_PATHS = NO;
				CLANG_ANALYZER_NONNULL = YES;
				CLANG_ANALYZER_NUMBER_OBJECT_CONVERSION = YES_AGGRESSIVE;
				CLANG_CXX_LANGUAGE_STANDARD = "gnu++17";
				CLANG_CXX_LIBRARY = "libc++";
				CLANG_ENABLE_MODULES = YES;
				CLANG_ENABLE_OBJC_ARC = YES;
				CLANG_ENABLE_OBJC_WEAK = YES;
				CLANG_WARN_BLOCK_CAPTURE_AUTORELEASING = YES;
				CLANG_WARN_BOOL_CONVERSION = YES;
				CLANG_WARN_COMMA = YES;
				CLANG_WARN_CONSTANT_CONVERSION = YES;
				CLANG_WARN_DEPRECATED_OBJC_IMPLEMENTATIONS = YES;
				CLANG_WARN_DIRECT_OBJC_ISA_USAGE = YES_ERROR;
				CLANG_WARN_DOCUMENTATION_COMMENTS = YES;
				CLANG_WARN_EMPTY_BODY = YES;
				CLANG_WARN_ENUM_CONVERSION = YES;
				CLANG_WARN_INFINITE_RECURSION = YES;
				CLANG_WARN_INT_CONVERSION = YES;
				CLANG_WARN_NON_LITERAL_NULL_CONVERSION = YES;
				CLANG_WARN_OBJC_IMPLICIT_RETAIN_SELF = YES;
				CLANG_WARN_OBJC_LITERAL_CONVERSION = YES;
				CLANG_WARN_OBJC_ROOT_CLASS = YES_ERROR;
				CLANG_WARN_QUOTED_INCLUDE_IN_FRAMEWORK_HEADER = YES;
				CLANG_WARN_RANGE_LOOP_ANALYSIS = YES;
				CLANG_WARN_STRICT_PROTOTYPES = YES;
				CLANG_WARN_SUSPICIOUS_MOVE = YES;
				CLANG_WARN_UNGUARDED_AVAILABILITY = YES_AGGRESSIVE;
				CLANG_WARN_UNREACHABLE_CODE = YES;
				CLANG_WARN__DUPLICATE_METHOD_MATCH = YES;
				COPY_PHASE_STRIP = NO;
				DEBUG_INFORMATION_FORMAT = dwarf;
				ENABLE_STRICT_OBJC_MSGSEND = YES;
				ENABLE_TESTABILITY = YES;
				GCC_C_LANGUAGE_STANDARD = gnu11;
				GCC_DYNAMIC_NO_PIC = NO;
				GCC_NO_COMMON_BLOCKS = YES;
				GCC_OPTIMIZATION_LEVEL = 0;
				GCC_PREPROCESSOR_DEFINITIONS = (
					"DEBUG=1",
					"$(inherited)",
				);
				GCC_WARN_64_TO_32_BIT_CONVERSION = YES;
				GCC_WARN_ABOUT_RETURN_TYPE = YES_ERROR;
				GCC_WARN_UNDECLARED_SELECTOR = YES;
				GCC_WARN_UNINITIALIZED_AUTOS = YES_AGGRESSIVE;
				GCC_WARN_UNUSED_FUNCTION = YES;
				GCC_WARN_UNUSED_VARIABLE = YES;
				MACOSX_DEPLOYMENT_TARGET = 11.6;
				MTL_ENABLE_DEBUG_INFO = INCLUDE_SOURCE;
				MTL_FAST_MATH = YES;
				ONLY_ACTIVE_ARCH = YES;
				SDKROOT = macosx;
				SWIFT_ACTIVE_COMPILATION_CONDITIONS = DEBUG;
				SWIFT_OPTIMIZATION_LEVEL = "-Onone";
			};
			name = Debug;
		};
		A0FDF26D278F9F8E008B7090 /* Release */ = {
			isa = XCBuildConfiguration;
			buildSettings = {
				ALWAYS_SEARCH_USER_PATHS = NO;
				CLANG_ANALYZER_NONNULL = YES;
				CLANG_ANALYZER_NUMBER_OBJECT_CONVERSION = YES_AGGRESSIVE;
				CLANG_CXX_LANGUAGE_STANDARD = "gnu++17";
				CLANG_CXX_LIBRARY = "libc++";
				CLANG_ENABLE_MODULES = YES;
				CLANG_ENABLE_OBJC_ARC = YES;
				CLANG_ENABLE_OBJC_WEAK = YES;
				CLANG_WARN_BLOCK_CAPTURE_AUTORELEASING = YES;
				CLANG_WARN_BOOL_CONVERSION = YES;
				CLANG_WARN_COMMA = YES;
				CLANG_WARN_CONSTANT_CONVERSION = YES;
				CLANG_WARN_DEPRECATED_OBJC_IMPLEMENTATIONS = YES;
				CLANG_WARN_DIRECT_OBJC_ISA_USAGE = YES_ERROR;
				CLANG_WARN_DOCUMENTATION_COMMENTS = YES;
				CLANG_WARN_EMPTY_BODY = YES;
				CLANG_WARN_ENUM_CONVERSION = YES;
				CLANG_WARN_INFINITE_RECURSION = YES;
				CLANG_WARN_INT_CONVERSION = YES;
				CLANG_WARN_NON_LITERAL_NULL_CONVERSION = YES;
				CLANG_WARN_OBJC_IMPLICIT_RETAIN_SELF = YES;
				CLANG_WARN_OBJC_LITERAL_CONVERSION = YES;
				CLANG_WARN_OBJC_ROOT_CLASS = YES_ERROR;
				CLANG_WARN_QUOTED_INCLUDE_IN_FRAMEWORK_HEADER = YES;
				CLANG_WARN_RANGE_LOOP_ANALYSIS = YES;
				CLANG_WARN_STRICT_PROTOTYPES = YES;
				CLANG_WARN_SUSPICIOUS_MOVE = YES;
				CLANG_WARN_UNGUARDED_AVAILABILITY = YES_AGGRESSIVE;
				CLANG_WARN_UNREACHABLE_CODE = YES;
				CLANG_WARN__DUPLICATE_METHOD_MATCH = YES;
				COPY_PHASE_STRIP = NO;
				DEBUG_INFORMATION_FORMAT = "dwarf-with-dsym";
				ENABLE_NS_ASSERTIONS = NO;
				ENABLE_STRICT_OBJC_MSGSEND = YES;
				GCC_C_LANGUAGE_STANDARD = gnu11;
				GCC_NO_COMMON_BLOCKS = YES;
				GCC_WARN_64_TO_32_BIT_CONVERSION = YES;
				GCC_WARN_ABOUT_RETURN_TYPE = YES_ERROR;
				GCC_WARN_UNDECLARED_SELECTOR = YES;
				GCC_WARN_UNINITIALIZED_AUTOS = YES_AGGRESSIVE;
				GCC_WARN_UNUSED_FUNCTION = YES;
				GCC_WARN_UNUSED_VARIABLE = YES;
				MACOSX_DEPLOYMENT_TARGET = 11.6;
				MTL_ENABLE_DEBUG_INFO = NO;
				MTL_FAST_MATH = YES;
				SDKROOT = macosx;
				SWIFT_COMPILATION_MODE = wholemodule;
				SWIFT_OPTIMIZATION_LEVEL = "-O";
			};
			name = Release;
		};
		A0FDF26F278F9F8E008B7090 /* Debug */ = {
			isa = XCBuildConfiguration;
			buildSettings = {
				ASSETCATALOG_COMPILER_APPICON_NAME = AppIcon;
				ASSETCATALOG_COMPILER_GLOBAL_ACCENT_COLOR_NAME = AccentColor;
				CODE_SIGN_ENTITLEMENTS = "Image Classifier/Image_Classifier.entitlements";
				CODE_SIGN_STYLE = Automatic;
				COMBINE_HIDPI_IMAGES = YES;
				CURRENT_PROJECT_VERSION = 1;
				DEVELOPMENT_ASSET_PATHS = "\"Image Classifier/Preview Content\"";
				DEVELOPMENT_TEAM = A6384NY5AJ;
				ENABLE_HARDENED_RUNTIME = YES;
				ENABLE_PREVIEWS = YES;
				GENERATE_INFOPLIST_FILE = YES;
				INFOPLIST_KEY_NSHumanReadableCopyright = "";
				LD_RUNPATH_SEARCH_PATHS = (
					"$(inherited)",
					"@executable_path/../Frameworks",
				);
				MARKETING_VERSION = 1.0;
				PRODUCT_BUNDLE_IDENTIFIER = "Sai.Image-Classifier";
				PRODUCT_NAME = "$(TARGET_NAME)";
				SWIFT_EMIT_LOC_STRINGS = YES;
				SWIFT_VERSION = 5.0;
			};
			name = Debug;
		};
		A0FDF270278F9F8E008B7090 /* Release */ = {
			isa = XCBuildConfiguration;
			buildSettings = {
				ASSETCATALOG_COMPILER_APPICON_NAME = AppIcon;
				ASSETCATALOG_COMPILER_GLOBAL_ACCENT_COLOR_NAME = AccentColor;
				CODE_SIGN_ENTITLEMENTS = "Image Classifier/Image_Classifier.entitlements";
				CODE_SIGN_STYLE = Automatic;
				COMBINE_HIDPI_IMAGES = YES;
				CURRENT_PROJECT_VERSION = 1;
				DEVELOPMENT_ASSET_PATHS = "\"Image Classifier/Preview Content\"";
				DEVELOPMENT_TEAM = A6384NY5AJ;
				ENABLE_HARDENED_RUNTIME = YES;
				ENABLE_PREVIEWS = YES;
				GENERATE_INFOPLIST_FILE = YES;
				INFOPLIST_KEY_NSHumanReadableCopyright = "";
				LD_RUNPATH_SEARCH_PATHS = (
					"$(inherited)",
					"@executable_path/../Frameworks",
				);
				MARKETING_VERSION = 1.0;
				PRODUCT_BUNDLE_IDENTIFIER = "Sai.Image-Classifier";
				PRODUCT_NAME = "$(TARGET_NAME)";
				SWIFT_EMIT_LOC_STRINGS = YES;
				SWIFT_VERSION = 5.0;
			};
			name = Release;
		};
		A0FDF272278F9F8E008B7090 /* Debug */ = {
			isa = XCBuildConfiguration;
			buildSettings = {
				ALWAYS_EMBED_SWIFT_STANDARD_LIBRARIES = YES;
				BUNDLE_LOADER = "$(TEST_HOST)";
				CODE_SIGN_STYLE = Automatic;
				CURRENT_PROJECT_VERSION = 1;
				DEVELOPMENT_TEAM = A6384NY5AJ;
				GENERATE_INFOPLIST_FILE = YES;
				MACOSX_DEPLOYMENT_TARGET = 11.6;
				MARKETING_VERSION = 1.0;
				PRODUCT_BUNDLE_IDENTIFIER = "Sai.Image-ClassifierTests";
				PRODUCT_NAME = "$(TARGET_NAME)";
				SWIFT_EMIT_LOC_STRINGS = NO;
				SWIFT_VERSION = 5.0;
				TEST_HOST = "$(BUILT_PRODUCTS_DIR)/Image Classifier.app/Contents/MacOS/Image Classifier";
			};
			name = Debug;
		};
		A0FDF273278F9F8E008B7090 /* Release */ = {
			isa = XCBuildConfiguration;
			buildSettings = {
				ALWAYS_EMBED_SWIFT_STANDARD_LIBRARIES = YES;
				BUNDLE_LOADER = "$(TEST_HOST)";
				CODE_SIGN_STYLE = Automatic;
				CURRENT_PROJECT_VERSION = 1;
				DEVELOPMENT_TEAM = A6384NY5AJ;
				GENERATE_INFOPLIST_FILE = YES;
				MACOSX_DEPLOYMENT_TARGET = 11.6;
				MARKETING_VERSION = 1.0;
				PRODUCT_BUNDLE_IDENTIFIER = "Sai.Image-ClassifierTests";
				PRODUCT_NAME = "$(TARGET_NAME)";
				SWIFT_EMIT_LOC_STRINGS = NO;
				SWIFT_VERSION = 5.0;
				TEST_HOST = "$(BUILT_PRODUCTS_DIR)/Image Classifier.app/Contents/MacOS/Image Classifier";
			};
			name = Release;
		};
		A0FDF275278F9F8E008B7090 /* Debug */ = {
			isa = XCBuildConfiguration;
			buildSettings = {
				ALWAYS_EMBED_SWIFT_STANDARD_LIBRARIES = YES;
				CODE_SIGN_STYLE = Automatic;
				CURRENT_PROJECT_VERSION = 1;
				DEVELOPMENT_TEAM = A6384NY5AJ;
				GENERATE_INFOPLIST_FILE = YES;
				MARKETING_VERSION = 1.0;
				PRODUCT_BUNDLE_IDENTIFIER = "Sai.Image-ClassifierUITests";
				PRODUCT_NAME = "$(TARGET_NAME)";
				SWIFT_EMIT_LOC_STRINGS = NO;
				SWIFT_VERSION = 5.0;
				TEST_TARGET_NAME = "Image Classifier";
			};
			name = Debug;
		};
		A0FDF276278F9F8E008B7090 /* Release */ = {
			isa = XCBuildConfiguration;
			buildSettings = {
				ALWAYS_EMBED_SWIFT_STANDARD_LIBRARIES = YES;
				CODE_SIGN_STYLE = Automatic;
				CURRENT_PROJECT_VERSION = 1;
				DEVELOPMENT_TEAM = A6384NY5AJ;
				GENERATE_INFOPLIST_FILE = YES;
				MARKETING_VERSION = 1.0;
				PRODUCT_BUNDLE_IDENTIFIER = "Sai.Image-ClassifierUITests";
				PRODUCT_NAME = "$(TARGET_NAME)";
				SWIFT_EMIT_LOC_STRINGS = NO;
				SWIFT_VERSION = 5.0;
				TEST_TARGET_NAME = "Image Classifier";
			};
			name = Release;
		};
/* End XCBuildConfiguration section */

/* Begin XCConfigurationList section */
		A0FDF244278F9F87008B7090 /* Build configuration list for PBXProject "Image Classifier" */ = {
			isa = XCConfigurationList;
			buildConfigurations = (
				A0FDF26C278F9F8E008B7090 /* Debug */,
				A0FDF26D278F9F8E008B7090 /* Release */,
			);
			defaultConfigurationIsVisible = 0;
			defaultConfigurationName = Release;
		};
		A0FDF26E278F9F8E008B7090 /* Build configuration list for PBXNativeTarget "Image Classifier" */ = {
			isa = XCConfigurationList;
			buildConfigurations = (
				A0FDF26F278F9F8E008B7090 /* Debug */,
				A0FDF270278F9F8E008B7090 /* Release */,
			);
			defaultConfigurationIsVisible = 0;
			defaultConfigurationName = Release;
		};
		A0FDF271278F9F8E008B7090 /* Build configuration list for PBXNativeTarget "Image ClassifierTests" */ = {
			isa = XCConfigurationList;
			buildConfigurations = (
				A0FDF272278F9F8E008B7090 /* Debug */,
				A0FDF273278F9F8E008B7090 /* Release */,
			);
			defaultConfigurationIsVisible = 0;
			defaultConfigurationName = Release;
		};
		A0FDF274278F9F8E008B7090 /* Build configuration list for PBXNativeTarget "Image ClassifierUITests" */ = {
			isa = XCConfigurationList;
			buildConfigurations = (
				A0FDF275278F9F8E008B7090 /* Debug */,
				A0FDF276278F9F8E008B7090 /* Release */,
			);
			defaultConfigurationIsVisible = 0;
			defaultConfigurationName = Release;
		};
/* End XCConfigurationList section */
	};
	rootObject = A0FDF241278F9F87008B7090 /* Project object */;
}
